
Microsoft Visual Studio Solution File, Format Version 12.00
# Visual Studio Version 17
VisualStudioVersion = 17.1.32319.34
MinimumVisualStudioVersion = 10.0.40219.1
Project("{FAE04EC0-301F-11D3-BF4B-00C04F79EFBC}") = "Morgage_calculator", "Morgage_calculator\Morgage_calculator.csproj", "{9B64102B-6B4E-49BC-85B2-0A1539D51D7F}"
EndProject
Project("{FAE04EC0-301F-11D3-BF4B-00C04F79EFBC}") = "Morgage_calculator_tests", "Morgage_calculator_tests\Morgage_calculator_tests.csproj", "{EFF1B45A-A2FC-4A37-AFF5-034AC7FAA5A4}"
EndProject
Global
	GlobalSection(SolutionConfigurationPlatforms) = preSolution
		Debug|Any CPU = Debug|Any CPU
		Release|Any CPU = Release|Any CPU
	EndGlobalSection
	GlobalSection(ProjectConfigurationPlatforms) = postSolution
		{9B64102B-6B4E-49BC-85B2-0A1539D51D7F}.Debug|Any CPU.ActiveCfg = Debug|Any CPU
		{9B64102B-6B4E-49BC-85B2-0A1539D51D7F}.Debug|Any CPU.Build.0 = Debug|Any CPU
		{9B64102B-6B4E-49BC-85B2-0A1539D51D7F}.Release|Any CPU.ActiveCfg = Release|Any CPU
		{9B64102B-6B4E-49BC-85B2-0A1539D51D7F}.Release|Any CPU.Build.0 = Release|Any CPU
		{EFF1B45A-A2FC-4A37-AFF5-034AC7FAA5A4}.Debug|Any CPU.ActiveCfg = Debug|Any CPU
		{EFF1B45A-A2FC-4A37-AFF5-034AC7FAA5A4}.Debug|Any CPU.Build.0 = Debug|Any CPU
		{EFF1B45A-A2FC-4A37-AFF5-034AC7FAA5A4}.Release|Any CPU.ActiveCfg = Release|Any CPU
		{EFF1B45A-A2FC-4A37-AFF5-034AC7FAA5A4}.Release|Any CPU.Build.0 = Release|Any CPU
	EndGlobalSection
	GlobalSection(SolutionProperties) = preSolution
		HideSolutionNode = FALSE
	EndGlobalSection
	GlobalSection(ExtensibilityGlobals) = postSolution
		SolutionGuid = {9E6B5473-472F-4B2E-95A7-E6449FB0DA45}
	EndGlobalSection
EndGlobal
